PODS:
  - Alamofire (4.7.1)
  - BlocksKit (2.2.5):
    - BlocksKit/All (= 2.2.5)
  - BlocksKit/All (2.2.5):
    - BlocksKit/Core
    - BlocksKit/DynamicDelegate
    - BlocksKit/MessageUI
    - BlocksKit/UIKit
  - BlocksKit/Core (2.2.5)
  - BlocksKit/DynamicDelegate (2.2.5)
  - BlocksKit/MessageUI (2.2.5):
    - BlocksKit/Core
    - BlocksKit/DynamicDelegate
  - BlocksKit/UIKit (2.2.5):
    - BlocksKit/Core
    - BlocksKit/DynamicDelegate
  - CryptoSwift (0.8.3)
  - Hue (3.0.1)
  - KeychainAccess (3.1.0)
  - Koloda (4.3.1):
    - pop (~> 1.0)
  - Log (1.0)
  - pop (1.0.10)
  - Realm (3.3.1):
    - Realm/Headers (= 3.3.1)
  - Realm/Headers (3.3.1)
  - RealmSwift (3.3.1):
    - Realm (= 3.3.1)
  - SnapKit (4.0.0)
  - SVProgressHUD (2.2.5)
  - SwiftSoup (1.7.0)
  - SwiftyImage (1.2.0)
  - SwiftyJSON (4.0.0)
  - SwiftyUserDefaults (3.0.1)

DEPENDENCIES:
  - Alamofire (~> 4.7)
  - BlocksKit (~> 2.2.5)
  - CryptoSwift (~> 0.8.3)
  - Hue (~> 3.0.1)
  - KeychainAccess (~> 3.1.0)
  - Koloda (~> 4.3.1)
  - Log (~> 1.0)
  - RealmSwift (~> 3.1)
  - SnapKit (~> 4.0.0)
  - SVProgressHUD (~> 2.2.5)
  - SwiftSoup (~> 1.7.0)
  - SwiftyImage (~> 1.2)
  - SwiftyJSON (~> 4.0.0)
  - SwiftyUserDefaults (~> 3.0.1)

SPEC CHECKSUMS:
  Alamofire: 68d7d521118d49c615a8d2214d87cdf525599d30
  BlocksKit: 7f422b971407001178d181a43b99014ea2591fe6
  CryptoSwift: 033efc3523865d19cc6ab6612fa17a62613b5dfa
  Hue: 93e852fa6211ab35922ad8c293f51c43d6c79eb2
  KeychainAccess: 94c5540b32eabf7bc32bfb976a268e8ea05fd6da
  Koloda: 0d39b2aa188ccd1fac48d752acaf9802e683c625
  Log: 5e368c9528db07517d18d2d04ff5fe2b6f5a1e21
  pop: 82ca6b068ce9278fd350fd9dd09482a0ce9492e6
  Realm: 63ebf4903b446b0bdf2131244eb1e1549925c724
  RealmSwift: f28fe8507bdfb8f1c924962401b83e7b9d7abb5c
  SnapKit: a42d492c16e80209130a3379f73596c3454b7694
  SVProgressHUD: 1428aafac632c1f86f62aa4243ec12008d7a51d6
  SwiftSoup: b45f7bbf9807100c681b3a52c60450c04e0378ef
  SwiftyImage: ebaa7c7b6163cd4ad102f3bb05a8fb276d35b4f3
  SwiftyJSON: 070dabdcb1beb81b247c65ffa3a79dbbfb3b48aa
  SwiftyUserDefaults: 3d273b1739b68ada3145dc754a70ec775bc5c8be

PODFILE CHECKSUM: 444e7f4ba3ff4f34bc882ff834e08ca518e163ab

COCOAPODS: 1.4.0
